
Microsoft Visual Studio Solution File, Format Version 12.00
# Visual Studio Version 17
VisualStudioVersion = 17.4.33213.308
MinimumVisualStudioVersion = 10.0.40219.1
Project("{FAE04EC0-301F-11D3-BF4B-00C04F79EFBC}") = "Week2", "Week2\Week2.csproj", "{244C6400-20FA-4C55-9416-5417DF0C91E9}"
EndProject
Project("{FAE04EC0-301F-11D3-BF4B-00C04F79EFBC}") = "UserGenderValidation", "UserAgeValidation\UserGenderValidation.csproj", "{40E2A0BD-B6C4-487E-A88D-3205B8CF68C0}"
EndProject
Project("{FAE04EC0-301F-11D3-BF4B-00C04F79EFBC}") = "UserAgeValidation1", "UserAgeValidation1\UserAgeValidation1.csproj", "{35B17C8D-216B-4E3A-A0B5-FB1A7C6D2741}"
EndProject
Global
	GlobalSection(SolutionConfigurationPlatforms) = preSolution
		Debug|Any CPU = Debug|Any CPU
		Release|Any CPU = Release|Any CPU
	EndGlobalSection
	GlobalSection(ProjectConfigurationPlatforms) = postSolution
		{244C6400-20FA-4C55-9416-5417DF0C91E9}.Debug|Any CPU.ActiveCfg = Debug|Any CPU
		{244C6400-20FA-4C55-9416-5417DF0C91E9}.Debug|Any CPU.Build.0 = Debug|Any CPU
		{244C6400-20FA-4C55-9416-5417DF0C91E9}.Release|Any CPU.ActiveCfg = Release|Any CPU
		{244C6400-20FA-4C55-9416-5417DF0C91E9}.Release|Any CPU.Build.0 = Release|Any CPU
		{40E2A0BD-B6C4-487E-A88D-3205B8CF68C0}.Debug|Any CPU.ActiveCfg = Debug|Any CPU
		{40E2A0BD-B6C4-487E-A88D-3205B8CF68C0}.Debug|Any CPU.Build.0 = Debug|Any CPU
		{40E2A0BD-B6C4-487E-A88D-3205B8CF68C0}.Release|Any CPU.ActiveCfg = Release|Any CPU
		{40E2A0BD-B6C4-487E-A88D-3205B8CF68C0}.Release|Any CPU.Build.0 = Release|Any CPU
		{35B17C8D-216B-4E3A-A0B5-FB1A7C6D2741}.Debug|Any CPU.ActiveCfg = Debug|Any CPU
		{35B17C8D-216B-4E3A-A0B5-FB1A7C6D2741}.Debug|Any CPU.Build.0 = Debug|Any CPU
		{35B17C8D-216B-4E3A-A0B5-FB1A7C6D2741}.Release|Any CPU.ActiveCfg = Release|Any CPU
		{35B17C8D-216B-4E3A-A0B5-FB1A7C6D2741}.Release|Any CPU.Build.0 = Release|Any CPU
	EndGlobalSection
	GlobalSection(SolutionProperties) = preSolution
		HideSolutionNode = FALSE
	EndGlobalSection
	GlobalSection(ExtensibilityGlobals) = postSolution
		SolutionGuid = {B2CB6512-9E6B-4318-9BAA-C6CD9ED2E76B}
	EndGlobalSection
EndGlobal
